hash: b19f6d57a6589a2c49ae99e97aab7b580f30329202e363b48d5f315b7e4597b1
updated: 2017-05-02T17:00:46.506954423+03:00
imports:
- name: github.com/julienschmidt/httprouter
  version: 8c199fb6259ffc1af525cc3ad52ee60ba8359669
- name: github.com/Sirupsen/logrus
  version: ba1b36c82c5e05c4f912a88eab0dcd91a171688f
- name: golang.org/x/sys
  version: e4594059fe4cde2daf423055a596c2cd1e6c9adf
  subpackages:
  - unix
testImports: []
